<?xml version="1.0" encoding="utf-8"?>
<Project ToolsVersion="4.0" xmlns="http://schemas.microsoft.com/developer/msbuild/2003">
  <ItemGroup>
    <Filter Include="Source Files">
      <UniqueIdentifier>{4FC737F1-C7A5-4376-A066-2A32D752A2FF}</UniqueIdentifier>
      <Extensions>cpp;c;cc;cxx;def;odl;idl;hpj;bat;asm;asmx</Extensions>
    </Filter>
    <Filter Include="Header Files">
      <UniqueIdentifier>{93995380-89BD-4b04-88EB-625FBE52EBFB}</UniqueIdentifier>
      <Extensions>h;hh;hpp;hxx;hm;inl;inc;xsd</Extensions>
    </Filter>
    <Filter Include="Resource Files">
      <UniqueIdentifier>{67DA6AB6-F800-4c08-8B7A-83BB121AAD01}</UniqueIdentifier>
      <Extensions>rc;ico;cur;bmp;dlg;rc2;rct;bin;rgs;gif;jpg;jpeg;jpe;resx;tiff;tif;png;wav;mfcribbon-ms</Extensions>
    </Filter>
    <Filter Include="Source Files\platform">
      <UniqueIdentifier>{e0abbfba-abb9-4882-822a-7a5bad7e3d0e}</UniqueIdentifier>
    </Filter>
  </ItemGroup>
  <ItemGroup>
    <ClInclude Include="memory\Memory.h">
      <Filter>Header Files</Filter>
    </ClInclude>
    <ClInclude Include="Common.h">
      <Filter>Header Files</Filter>
    </ClInclude>
    <ClInclude Include="graphics\Graphics.h">
      <Filter>Header Files</Filter>
    </ClInclude>
    <ClInclude Include="math\shapes.h">
      <Filter>Header Files</Filter>
    </ClInclude>
    <ClInclude Include="math\math.h">
      <Filter>Header Files</Filter>
    </ClInclude>
    <ClInclude Include="math\vector.h">
      <Filter>Header Files</Filter>
    </ClInclude>
    <ClInclude Include="loaders\objModelLoader.h">
      <Filter>Header Files</Filter>
    </ClInclude>
    <ClInclude Include="math\matrix.h">
      <Filter>Header Files</Filter>
    </ClInclude>
    <ClInclude Include="math\mathCommon.h">
      <Filter>Header Files</Filter>
    </ClInclude>
    <ClInclude Include="graphics\primitives.h">
      <Filter>Header Files</Filter>
    </ClInclude>
    <ClInclude Include="graphics\mesh.h">
      <Filter>Header Files</Filter>
    </ClInclude>
    <ClInclude Include="types.h">
      <Filter>Header Files</Filter>
    </ClInclude>
    <ClInclude Include="platform\platform.h">
      <Filter>Header Files</Filter>
    </ClInclude>
    <ClInclude Include="platform\application.h">
      <Filter>Header Files</Filter>
    </ClInclude>
    <ClInclude Include="graphics\opengl\glShader.h">
      <Filter>Header Files</Filter>
    </ClInclude>
    <ClInclude Include="graphics\shader.h">
      <Filter>Header Files</Filter>
    </ClInclude>
  </ItemGroup>
  <ItemGroup>
    <ClCompile Include="memory\Memory.cpp">
      <Filter>Source Files</Filter>
    </ClCompile>
    <ClCompile Include="graphics\opengl\glGraphics.cpp">
      <Filter>Source Files</Filter>
    </ClCompile>
    <ClCompile Include="graphics\direct3D11\d3D11Graphics.cpp">
      <Filter>Source Files</Filter>
    </ClCompile>
    <ClCompile Include="runtime.cpp">
      <Filter>Source Files</Filter>
    </ClCompile>
    <ClCompile Include="loaders\objModelLoader.cpp">
      <Filter>Source Files</Filter>
    </ClCompile>
    <ClCompile Include="platform\application.cpp">
      <Filter>Source Files</Filter>
    </ClCompile>
  </ItemGroup>
</Project>