
Microsoft Visual Studio Solution File, Format Version 12.00
# Visual Studio 15
VisualStudioVersion = 15.0.27130.2036
MinimumVisualStudioVersion = 10.0.40219.1
Project("{8BC9CEB8-8B4A-11D0-8D11-00A0C91BC942}") = "sandbox", "sandbox\sandbox.vcxproj", "{3CCC9A6E-4315-427F-A2A0-BC5427FDA33E}"
	ProjectSection(ProjectDependencies) = postProject
		{AEA3B215-3CF2-47C6-B959-E13B9A3DADE0} = {AEA3B215-3CF2-47C6-B959-E13B9A3DADE0}
	EndProjectSection
EndProject
Project("{8BC9CEB8-8B4A-11D0-8D11-00A0C91BC942}") = "windows", "windows\windows.vcxproj", "{B0211244-4024-433B-9C86-EC9882210997}"
	ProjectSection(ProjectDependencies) = postProject
		{AEA3B215-3CF2-47C6-B959-E13B9A3DADE0} = {AEA3B215-3CF2-47C6-B959-E13B9A3DADE0}
		{3CCC9A6E-4315-427F-A2A0-BC5427FDA33E} = {3CCC9A6E-4315-427F-A2A0-BC5427FDA33E}
	EndProjectSection
EndProject
Project("{8BC9CEB8-8B4A-11D0-8D11-00A0C91BC942}") = "core", "core\core.vcxproj", "{AEA3B215-3CF2-47C6-B959-E13B9A3DADE0}"
EndProject
Project("{8BC9CEB8-8B4A-11D0-8D11-00A0C91BC942}") = "direct3d", "graphics\direct3d\direct3d.vcxproj", "{C7BC5531-2514-47B0-B227-F8272D228535}"
EndProject
Project("{8BC9CEB8-8B4A-11D0-8D11-00A0C91BC942}") = "opengl", "graphics\opengl\opengl.vcxproj", "{D905A8EF-1DD9-4BBA-8B22-7548ED6C4DF0}"
EndProject
Project("{8BC9CEB8-8B4A-11D0-8D11-00A0C91BC942}") = "vulkan", "vulkan\vulkan.vcxproj", "{C6D27906-5006-428F-A884-004C457B326B}"
EndProject
Global
	GlobalSection(SolutionConfigurationPlatforms) = preSolution
		Debug|x64 = Debug|x64
		Debug|x86 = Debug|x86
		Release|x64 = Release|x64
		Release|x86 = Release|x86
	EndGlobalSection
	GlobalSection(ProjectConfigurationPlatforms) = postSolution
		{3CCC9A6E-4315-427F-A2A0-BC5427FDA33E}.Debug|x64.ActiveCfg = Debug|x64
		{3CCC9A6E-4315-427F-A2A0-BC5427FDA33E}.Debug|x64.Build.0 = Debug|x64
		{3CCC9A6E-4315-427F-A2A0-BC5427FDA33E}.Debug|x86.ActiveCfg = Debug|Win32
		{3CCC9A6E-4315-427F-A2A0-BC5427FDA33E}.Debug|x86.Build.0 = Debug|Win32
		{3CCC9A6E-4315-427F-A2A0-BC5427FDA33E}.Release|x64.ActiveCfg = Release|x64
		{3CCC9A6E-4315-427F-A2A0-BC5427FDA33E}.Release|x64.Build.0 = Release|x64
		{3CCC9A6E-4315-427F-A2A0-BC5427FDA33E}.Release|x86.ActiveCfg = Release|Win32
		{3CCC9A6E-4315-427F-A2A0-BC5427FDA33E}.Release|x86.Build.0 = Release|Win32
		{B0211244-4024-433B-9C86-EC9882210997}.Debug|x64.ActiveCfg = Debug|x64
		{B0211244-4024-433B-9C86-EC9882210997}.Debug|x64.Build.0 = Debug|x64
		{B0211244-4024-433B-9C86-EC9882210997}.Debug|x86.ActiveCfg = Debug|Win32
		{B0211244-4024-433B-9C86-EC9882210997}.Debug|x86.Build.0 = Debug|Win32
		{B0211244-4024-433B-9C86-EC9882210997}.Release|x64.ActiveCfg = Release|x64
		{B0211244-4024-433B-9C86-EC9882210997}.Release|x64.Build.0 = Release|x64
		{B0211244-4024-433B-9C86-EC9882210997}.Release|x86.ActiveCfg = Release|Win32
		{B0211244-4024-433B-9C86-EC9882210997}.Release|x86.Build.0 = Release|Win32
		{AEA3B215-3CF2-47C6-B959-E13B9A3DADE0}.Debug|x64.ActiveCfg = Debug|x64
		{AEA3B215-3CF2-47C6-B959-E13B9A3DADE0}.Debug|x64.Build.0 = Debug|x64
		{AEA3B215-3CF2-47C6-B959-E13B9A3DADE0}.Debug|x86.ActiveCfg = Debug|Win32
		{AEA3B215-3CF2-47C6-B959-E13B9A3DADE0}.Debug|x86.Build.0 = Debug|Win32
		{AEA3B215-3CF2-47C6-B959-E13B9A3DADE0}.Release|x64.ActiveCfg = Release|x64
		{AEA3B215-3CF2-47C6-B959-E13B9A3DADE0}.Release|x64.Build.0 = Release|x64
		{AEA3B215-3CF2-47C6-B959-E13B9A3DADE0}.Release|x86.ActiveCfg = Release|Win32
		{AEA3B215-3CF2-47C6-B959-E13B9A3DADE0}.Release|x86.Build.0 = Release|Win32
		{C7BC5531-2514-47B0-B227-F8272D228535}.Debug|x64.ActiveCfg = Debug|x64
		{C7BC5531-2514-47B0-B227-F8272D228535}.Debug|x64.Build.0 = Debug|x64
		{C7BC5531-2514-47B0-B227-F8272D228535}.Debug|x86.ActiveCfg = Debug|Win32
		{C7BC5531-2514-47B0-B227-F8272D228535}.Debug|x86.Build.0 = Debug|Win32
		{C7BC5531-2514-47B0-B227-F8272D228535}.Release|x64.ActiveCfg = Release|x64
		{C7BC5531-2514-47B0-B227-F8272D228535}.Release|x64.Build.0 = Release|x64
		{C7BC5531-2514-47B0-B227-F8272D228535}.Release|x86.ActiveCfg = Release|Win32
		{C7BC5531-2514-47B0-B227-F8272D228535}.Release|x86.Build.0 = Release|Win32
		{D905A8EF-1DD9-4BBA-8B22-7548ED6C4DF0}.Debug|x64.ActiveCfg = Debug|x64
		{D905A8EF-1DD9-4BBA-8B22-7548ED6C4DF0}.Debug|x64.Build.0 = Debug|x64
		{D905A8EF-1DD9-4BBA-8B22-7548ED6C4DF0}.Debug|x86.ActiveCfg = Debug|Win32
		{D905A8EF-1DD9-4BBA-8B22-7548ED6C4DF0}.Debug|x86.Build.0 = Debug|Win32
		{D905A8EF-1DD9-4BBA-8B22-7548ED6C4DF0}.Release|x64.ActiveCfg = Release|x64
		{D905A8EF-1DD9-4BBA-8B22-7548ED6C4DF0}.Release|x64.Build.0 = Release|x64
		{D905A8EF-1DD9-4BBA-8B22-7548ED6C4DF0}.Release|x86.ActiveCfg = Release|Win32
		{D905A8EF-1DD9-4BBA-8B22-7548ED6C4DF0}.Release|x86.Build.0 = Release|Win32
		{C6D27906-5006-428F-A884-004C457B326B}.Debug|x64.ActiveCfg = Debug|x64
		{C6D27906-5006-428F-A884-004C457B326B}.Debug|x64.Build.0 = Debug|x64
		{C6D27906-5006-428F-A884-004C457B326B}.Debug|x86.ActiveCfg = Debug|Win32
		{C6D27906-5006-428F-A884-004C457B326B}.Debug|x86.Build.0 = Debug|Win32
		{C6D27906-5006-428F-A884-004C457B326B}.Release|x64.ActiveCfg = Release|x64
		{C6D27906-5006-428F-A884-004C457B326B}.Release|x64.Build.0 = Release|x64
		{C6D27906-5006-428F-A884-004C457B326B}.Release|x86.ActiveCfg = Release|Win32
		{C6D27906-5006-428F-A884-004C457B326B}.Release|x86.Build.0 = Release|Win32
	EndGlobalSection
	GlobalSection(SolutionProperties) = preSolution
		HideSolutionNode = FALSE
	EndGlobalSection
	GlobalSection(ExtensibilityGlobals) = postSolution
		SolutionGuid = {BFABBC55-7727-4205-B2E9-45F4BCA78EDB}
	EndGlobalSection
EndGlobal
