
Microsoft Visual Studio Solution File, Format Version 12.00
# Visual Studio 15
VisualStudioVersion = 15.0.27130.2036
MinimumVisualStudioVersion = 10.0.40219.1
Project("{8BC9CEB8-8B4A-11D0-8D11-00A0C91BC942}") = "core", "core\core.vcxproj", "{3CCC9A6E-4315-427F-A2A0-BC5427FDA33E}"
	ProjectSection(ProjectDependencies) = postProject
		{AEA3B215-3CF2-47C6-B959-E13B9A3DADE0} = {AEA3B215-3CF2-47C6-B959-E13B9A3DADE0}
	EndProjectSection
EndProject
Project("{8BC9CEB8-8B4A-11D0-8D11-00A0C91BC942}") = "windows", "windows\windows.vcxproj", "{B0211244-4024-433B-9C86-EC9882210997}"
	ProjectSection(ProjectDependencies) = postProject
		{AEA3B215-3CF2-47C6-B959-E13B9A3DADE0} = {AEA3B215-3CF2-47C6-B959-E13B9A3DADE0}
	EndProjectSection
EndProject
Project("{8BC9CEB8-8B4A-11D0-8D11-00A0C91BC942}") = "platform", "platform\platform.vcxproj", "{AEA3B215-3CF2-47C6-B959-E13B9A3DADE0}"
EndProject
Global
	GlobalSection(SolutionConfigurationPlatforms) = preSolution
		Debug|x64 = Debug|x64
		Debug|x86 = Debug|x86
		Release|x64 = Release|x64
		Release|x86 = Release|x86
	EndGlobalSection
	GlobalSection(ProjectConfigurationPlatforms) = postSolution
		{3CCC9A6E-4315-427F-A2A0-BC5427FDA33E}.Debug|x64.ActiveCfg = Debug|x64
		{3CCC9A6E-4315-427F-A2A0-BC5427FDA33E}.Debug|x64.Build.0 = Debug|x64
		{3CCC9A6E-4315-427F-A2A0-BC5427FDA33E}.Debug|x86.ActiveCfg = Debug|Win32
		{3CCC9A6E-4315-427F-A2A0-BC5427FDA33E}.Debug|x86.Build.0 = Debug|Win32
		{3CCC9A6E-4315-427F-A2A0-BC5427FDA33E}.Release|x64.ActiveCfg = Release|x64
		{3CCC9A6E-4315-427F-A2A0-BC5427FDA33E}.Release|x64.Build.0 = Release|x64
		{3CCC9A6E-4315-427F-A2A0-BC5427FDA33E}.Release|x86.ActiveCfg = Release|Win32
		{3CCC9A6E-4315-427F-A2A0-BC5427FDA33E}.Release|x86.Build.0 = Release|Win32
		{B0211244-4024-433B-9C86-EC9882210997}.Debug|x64.ActiveCfg = Debug|x64
		{B0211244-4024-433B-9C86-EC9882210997}.Debug|x64.Build.0 = Debug|x64
		{B0211244-4024-433B-9C86-EC9882210997}.Debug|x86.ActiveCfg = Debug|Win32
		{B0211244-4024-433B-9C86-EC9882210997}.Debug|x86.Build.0 = Debug|Win32
		{B0211244-4024-433B-9C86-EC9882210997}.Release|x64.ActiveCfg = Release|x64
		{B0211244-4024-433B-9C86-EC9882210997}.Release|x64.Build.0 = Release|x64
		{B0211244-4024-433B-9C86-EC9882210997}.Release|x86.ActiveCfg = Release|Win32
		{B0211244-4024-433B-9C86-EC9882210997}.Release|x86.Build.0 = Release|Win32
		{AEA3B215-3CF2-47C6-B959-E13B9A3DADE0}.Debug|x64.ActiveCfg = Debug|x64
		{AEA3B215-3CF2-47C6-B959-E13B9A3DADE0}.Debug|x64.Build.0 = Debug|x64
		{AEA3B215-3CF2-47C6-B959-E13B9A3DADE0}.Debug|x86.ActiveCfg = Debug|Win32
		{AEA3B215-3CF2-47C6-B959-E13B9A3DADE0}.Debug|x86.Build.0 = Debug|Win32
		{AEA3B215-3CF2-47C6-B959-E13B9A3DADE0}.Release|x64.ActiveCfg = Release|x64
		{AEA3B215-3CF2-47C6-B959-E13B9A3DADE0}.Release|x64.Build.0 = Release|x64
		{AEA3B215-3CF2-47C6-B959-E13B9A3DADE0}.Release|x86.ActiveCfg = Release|Win32
		{AEA3B215-3CF2-47C6-B959-E13B9A3DADE0}.Release|x86.Build.0 = Release|Win32
	EndGlobalSection
	GlobalSection(SolutionProperties) = preSolution
		HideSolutionNode = FALSE
	EndGlobalSection
	GlobalSection(ExtensibilityGlobals) = postSolution
		SolutionGuid = {BFABBC55-7727-4205-B2E9-45F4BCA78EDB}
	EndGlobalSection
EndGlobal
